
Microsoft Visual Studio Solution File, Format Version 12.00
# Visual Studio Version 16
VisualStudioVersion = 16.0.30404.54
MinimumVisualStudioVersion = 10.0.40219.1
Project("{9A19103F-16F7-4668-BE54-9A1E7A4F7556}") = "BlazorRemoteLinq.Web", "BlazorRemoteLinq.Web\BlazorRemoteLinq.Web.csproj", "{442820FF-6C32-49BC-92D4-11E5031AE560}"
EndProject
Project("{9A19103F-16F7-4668-BE54-9A1E7A4F7556}") = "BlazorRemoteLinq.Shared", "BlazorRemoteLinq.Shared\BlazorRemoteLinq.Shared.csproj", "{14EEE4F6-DD4D-4BA8-BDA5-8B1497816310}"
EndProject
Project("{9A19103F-16F7-4668-BE54-9A1E7A4F7556}") = "BlazorRemoteLinq.Api", "BlazorRemoteLinq.Api\BlazorRemoteLinq.Api.csproj", "{5EBFCE72-E1E7-40F5-A70F-6AA205AC42B9}"
EndProject
Global
	GlobalSection(SolutionConfigurationPlatforms) = preSolution
		Debug|Any CPU = Debug|Any CPU
		Release|Any CPU = Release|Any CPU
	EndGlobalSection
	GlobalSection(ProjectConfigurationPlatforms) = postSolution
		{442820FF-6C32-49BC-92D4-11E5031AE560}.Debug|Any CPU.ActiveCfg = Debug|Any CPU
		{442820FF-6C32-49BC-92D4-11E5031AE560}.Debug|Any CPU.Build.0 = Debug|Any CPU
		{442820FF-6C32-49BC-92D4-11E5031AE560}.Release|Any CPU.ActiveCfg = Release|Any CPU
		{442820FF-6C32-49BC-92D4-11E5031AE560}.Release|Any CPU.Build.0 = Release|Any CPU
		{14EEE4F6-DD4D-4BA8-BDA5-8B1497816310}.Debug|Any CPU.ActiveCfg = Debug|Any CPU
		{14EEE4F6-DD4D-4BA8-BDA5-8B1497816310}.Debug|Any CPU.Build.0 = Debug|Any CPU
		{14EEE4F6-DD4D-4BA8-BDA5-8B1497816310}.Release|Any CPU.ActiveCfg = Release|Any CPU
		{14EEE4F6-DD4D-4BA8-BDA5-8B1497816310}.Release|Any CPU.Build.0 = Release|Any CPU
		{5EBFCE72-E1E7-40F5-A70F-6AA205AC42B9}.Debug|Any CPU.ActiveCfg = Debug|Any CPU
		{5EBFCE72-E1E7-40F5-A70F-6AA205AC42B9}.Debug|Any CPU.Build.0 = Debug|Any CPU
		{5EBFCE72-E1E7-40F5-A70F-6AA205AC42B9}.Release|Any CPU.ActiveCfg = Release|Any CPU
		{5EBFCE72-E1E7-40F5-A70F-6AA205AC42B9}.Release|Any CPU.Build.0 = Release|Any CPU
	EndGlobalSection
	GlobalSection(SolutionProperties) = preSolution
		HideSolutionNode = FALSE
	EndGlobalSection
	GlobalSection(ExtensibilityGlobals) = postSolution
		SolutionGuid = {859708D0-0FC2-4AD2-A92E-EDAC8A6771E0}
	EndGlobalSection
EndGlobal
